// !$*UTF8*$!
{
	archiveVersion = 1;
	classes = {
	};
	objectVersion = 46;
	objects = {

/* Begin PBXBuildFile section */
		63E839B5158F82B2000E1B3C /* UIKit.framework in Frameworks */ = {isa = PBXBuildFile; fileRef = 63E839B4158F82B2000E1B3C /* UIKit.framework */; };
		63E839B7158F82B2000E1B3C /* Foundation.framework in Frameworks */ = {isa = PBXBuildFile; fileRef = 63E839B6158F82B2000E1B3C /* Foundation.framework */; };
		63E839B9158F82B2000E1B3C /* CoreGraphics.framework in Frameworks */ = {isa = PBXBuildFile; fileRef = 63E839B8158F82B2000E1B3C /* CoreGraphics.framework */; };
		63E839BF158F82B2000E1B3C /* InfoPlist.strings in Resources */ = {isa = PBXBuildFile; fileRef = 63E839BD158F82B2000E1B3C /* InfoPlist.strings */; };
		63E839C1158F82B2000E1B3C /* main.m in Sources */ = {isa = PBXBuildFile; fileRef = 63E839C0158F82B2000E1B3C /* main.m */; };
		63E839C5158F82B2000E1B3C /* AppDelegate.m in Sources */ = {isa = PBXBuildFile; fileRef = 63E839C4158F82B2000E1B3C /* AppDelegate.m */; };
		63E839C8158F82B2000E1B3C /* FirstViewController.m in Sources */ = {isa = PBXBuildFile; fileRef = 63E839C7158F82B2000E1B3C /* FirstViewController.m */; };
		63E839CA158F82B2000E1B3C /* first.png in Resources */ = {isa = PBXBuildFile; fileRef = 63E839C9158F82B2000E1B3C /* first.png */; };
		63E839CC158F82B2000E1B3C /* first@2x.png in Resources */ = {isa = PBXBuildFile; fileRef = 63E839CB158F82B2000E1B3C /* first@2x.png */; };
		63E839CF158F82B2000E1B3C /* SecondViewController.m in Sources */ = {isa = PBXBuildFile; fileRef = 63E839CE158F82B2000E1B3C /* SecondViewController.m */; };
		63E839D1158F82B2000E1B3C /* second.png in Resources */ = {isa = PBXBuildFile; fileRef = 63E839D0158F82B2000E1B3C /* second.png */; };
		63E839D3158F82B2000E1B3C /* second@2x.png in Resources */ = {isa = PBXBuildFile; fileRef = 63E839D2158F82B2000E1B3C /* second@2x.png */; };
		63E839D6158F82B2000E1B3C /* FirstViewController_iPhone.xib in Resources */ = {isa = PBXBuildFile; fileRef = 63E839D4158F82B2000E1B3C /* FirstViewController_iPhone.xib */; };
		63E839D9158F82B2000E1B3C /* FirstViewController_iPad.xib in Resources */ = {isa = PBXBuildFile; fileRef = 63E839D7158F82B2000E1B3C /* FirstViewController_iPad.xib */; };
		63E839DC158F82B2000E1B3C /* SecondViewController_iPhone.xib in Resources */ = {isa = PBXBuildFile; fileRef = 63E839DA158F82B2000E1B3C /* SecondViewController_iPhone.xib */; };
		63E839DF158F82B2000E1B3C /* SecondViewController_iPad.xib in Resources */ = {isa = PBXBuildFile; fileRef = 63E839DD158F82B2000E1B3C /* SecondViewController_iPad.xib */; };
/* End PBXBuildFile section */

/* Begin PBXFileReference section */
		63E839B0158F82B2000E1B3C /* MoonlightSocial.app */ = {isa = PBXFileReference; explicitFileType = wrapper.application; includeInIndex = 0; path = MoonlightSocial.app; sourceTree = BUILT_PRODUCTS_DIR; };
		63E839B4158F82B2000E1B3C /* UIKit.framework */ = {isa = PBXFileReference; lastKnownFileType = wrapper.framework; name = UIKit.framework; path = System/Library/Frameworks/UIKit.framework; sourceTree = SDKROOT; };
		63E839B6158F82B2000E1B3C /* Foundation.framework */ = {isa = PBXFileReference; lastKnownFileType = wrapper.framework; name = Foundation.framework; path = System/Library/Frameworks/Foundation.framework; sourceTree = SDKROOT; };
		63E839B8158F82B2000E1B3C /* CoreGraphics.framework */ = {isa = PBXFileReference; lastKnownFileType = wrapper.framework; name = CoreGraphics.framework; path = System/Library/Frameworks/CoreGraphics.framework; sourceTree = SDKROOT; };
		63E839BC158F82B2000E1B3C /* MoonlightSocial-Info.plist */ = {isa = PBXFileReference; lastKnownFileType = text.plist.xml; path = "MoonlightSocial-Info.plist"; sourceTree = "<group>"; };
		63E839BE158F82B2000E1B3C /* en */ = {isa = PBXFileReference; lastKnownFileType = text.plist.strings; name = en; path = en.lproj/InfoPlist.strings; sourceTree = "<group>"; };
		63E839C0158F82B2000E1B3C /* main.m */ = {isa = PBXFileReference; lastKnownFileType = sourcecode.c.objc; path = main.m; sourceTree = "<group>"; };
		63E839C2158F82B2000E1B3C /* MoonlightSocial-Prefix.pch */ = {isa = PBXFileReference; lastKnownFileType = sourcecode.c.h; path = "MoonlightSocial-Prefix.pch"; sourceTree = "<group>"; };
		63E839C3158F82B2000E1B3C /* AppDelegate.h */ = {isa = PBXFileReference; lastKnownFileType = sourcecode.c.h; path = AppDelegate.h; sourceTree = "<group>"; };
		63E839C4158F82B2000E1B3C /* AppDelegate.m */ = {isa = PBXFileReference; lastKnownFileType = sourcecode.c.objc; path = AppDelegate.m; sourceTree = "<group>"; };
		63E839C6158F82B2000E1B3C /* FirstViewController.h */ = {isa = PBXFileReference; lastKnownFileType = sourcecode.c.h; path = FirstViewController.h; sourceTree = "<group>"; };
		63E839C7158F82B2000E1B3C /* FirstViewController.m */ = {isa = PBXFileReference; lastKnownFileType = sourcecode.c.objc; path = FirstViewController.m; sourceTree = "<group>"; };
		63E839C9158F82B2000E1B3C /* first.png */ = {isa = PBXFileReference; lastKnownFileType = image.png; path = first.png; sourceTree = "<group>"; };
		63E839CB158F82B2000E1B3C /* first@2x.png */ = {isa = PBXFileReference; lastKnownFileType = image.png; path = "first@2x.png"; sourceTree = "<group>"; };
		63E839CD158F82B2000E1B3C /* SecondViewController.h */ = {isa = PBXFileReference; lastKnownFileType = sourcecode.c.h; path = SecondViewController.h; sourceTree = "<group>"; };
		63E839CE158F82B2000E1B3C /* SecondViewController.m */ = {isa = PBXFileReference; lastKnownFileType = sourcecode.c.objc; path = SecondViewController.m; sourceTree = "<group>"; };
		63E839D0158F82B2000E1B3C /* second.png */ = {isa = PBXFileReference; lastKnownFileType = image.png; path = second.png; sourceTree = "<group>"; };
		63E839D2158F82B2000E1B3C /* second@2x.png */ = {isa = PBXFileReference; lastKnownFileType = image.png; path = "second@2x.png"; sourceTree = "<group>"; };
		63E839D5158F82B2000E1B3C /* en */ = {isa = PBXFileReference; lastKnownFileType = file.xib; name = en; path = en.lproj/FirstViewController_iPhone.xib; sourceTree = "<group>"; };
		63E839D8158F82B2000E1B3C /* en */ = {isa = PBXFileReference; lastKnownFileType = file.xib; name = en; path = en.lproj/FirstViewController_iPad.xib; sourceTree = "<group>"; };
		63E839DB158F82B2000E1B3C /* en */ = {isa = PBXFileReference; lastKnownFileType = file.xib; name = en; path = en.lproj/SecondViewController_iPhone.xib; sourceTree = "<group>"; };
		63E839DE158F82B2000E1B3C /* en */ = {isa = PBXFileReference; lastKnownFileType = file.xib; name = en; path = en.lproj/SecondViewController_iPad.xib; sourceTree = "<group>"; };
/* End PBXFileReference section */

/* Begin PBXFrameworksBuildPhase section */
		63E839AD158F82B2000E1B3C /* Frameworks */ = {
			isa = PBXFrameworksBuildPhase;
			buildActionMask = 2147483647;
			files = (
				63E839B5158F82B2000E1B3C /* UIKit.framework in Frameworks */,
				63E839B7158F82B2000E1B3C /* Foundation.framework in Frameworks */,
				63E839B9158F82B2000E1B3C /* CoreGraphics.framework in Frameworks */,
			);
			runOnlyForDeploymentPostprocessing = 0;
		};
/* End PBXFrameworksBuildPhase section */

/* Begin PBXGroup section */
		63E839A5158F82B2000E1B3C = {
			isa = PBXGroup;
			children = (
				63E839BA158F82B2000E1B3C /* MoonlightSocial */,
				63E839B3158F82B2000E1B3C /* Frameworks */,
				63E839B1158F82B2000E1B3C /* Products */,
			);
			sourceTree = "<group>";
		};
		63E839B1158F82B2000E1B3C /* Products */ = {
			isa = PBXGroup;
			children = (
				63E839B0158F82B2000E1B3C /* MoonlightSocial.app */,
			);
			name = Products;
			sourceTree = "<group>";
		};
		63E839B3158F82B2000E1B3C /* Frameworks */ = {
			isa = PBXGroup;
			children = (
				63E839B4158F82B2000E1B3C /* UIKit.framework */,
				63E839B6158F82B2000E1B3C /* Foundation.framework */,
				63E839B8158F82B2000E1B3C /* CoreGraphics.framework */,
			);
			name = Frameworks;
			sourceTree = "<group>";
		};
		63E839BA158F82B2000E1B3C /* MoonlightSocial */ = {
			isa = PBXGroup;
			children = (
				63E839C3158F82B2000E1B3C /* AppDelegate.h */,
				63E839C4158F82B2000E1B3C /* AppDelegate.m */,
				63E839C6158F82B2000E1B3C /* FirstViewController.h */,
				63E839C7158F82B2000E1B3C /* FirstViewController.m */,
				63E839C9158F82B2000E1B3C /* first.png */,
				63E839CB158F82B2000E1B3C /* first@2x.png */,
				63E839CD158F82B2000E1B3C /* SecondViewController.h */,
				63E839CE158F82B2000E1B3C /* SecondViewController.m */,
				63E839D0158F82B2000E1B3C /* second.png */,
				63E839D2158F82B2000E1B3C /* second@2x.png */,
				63E839D4158F82B2000E1B3C /* FirstViewController_iPhone.xib */,
				63E839D7158F82B2000E1B3C /* FirstViewController_iPad.xib */,
				63E839DA158F82B2000E1B3C /* SecondViewController_iPhone.xib */,
				63E839DD158F82B2000E1B3C /* SecondViewController_iPad.xib */,
				63E839BB158F82B2000E1B3C /* Supporting Files */,
			);
			path = MoonlightSocial;
			sourceTree = "<group>";
		};
		63E839BB158F82B2000E1B3C /* Supporting Files */ = {
			isa = PBXGroup;
			children = (
				63E839BC158F82B2000E1B3C /* MoonlightSocial-Info.plist */,
				63E839BD158F82B2000E1B3C /* InfoPlist.strings */,
				63E839C0158F82B2000E1B3C /* main.m */,
				63E839C2158F82B2000E1B3C /* MoonlightSocial-Prefix.pch */,
			);
			name = "Supporting Files";
			sourceTree = "<group>";
		};
/* End PBXGroup section */

/* Begin PBXNativeTarget section */
		63E839AF158F82B2000E1B3C /* MoonlightSocial */ = {
			isa = PBXNativeTarget;
			buildConfigurationList = 63E839E2158F82B2000E1B3C /* Build configuration list for PBXNativeTarget "MoonlightSocial" */;
			buildPhases = (
				63E839AC158F82B2000E1B3C /* Sources */,
				63E839AD158F82B2000E1B3C /* Frameworks */,
				63E839AE158F82B2000E1B3C /* Resources */,
			);
			buildRules = (
			);
			dependencies = (
			);
			name = MoonlightSocial;
			productName = MoonlightSocial;
			productReference = 63E839B0158F82B2000E1B3C /* MoonlightSocial.app */;
			productType = "com.apple.product-type.application";
		};
/* End PBXNativeTarget section */

/* Begin PBXProject section */
		63E839A7158F82B2000E1B3C /* Project object */ = {
			isa = PBXProject;
			attributes = {
				LastUpgradeCheck = 0430;
			};
			buildConfigurationList = 63E839AA158F82B2000E1B3C /* Build configuration list for PBXProject "MoonlightSocial" */;
			compatibilityVersion = "Xcode 3.2";
			developmentRegion = English;
			hasScannedForEncodings = 0;
			knownRegions = (
				en,
			);
			mainGroup = 63E839A5158F82B2000E1B3C;
			productRefGroup = 63E839B1158F82B2000E1B3C /* Products */;
			projectDirPath = "";
			projectRoot = "";
			targets = (
				63E839AF158F82B2000E1B3C /* MoonlightSocial */,
			);
		};
/* End PBXProject section */

/* Begin PBXResourcesBuildPhase section */
		63E839AE158F82B2000E1B3C /* Resources */ = {
			isa = PBXResourcesBuildPhase;
			buildActionMask = 2147483647;
			files = (
				63E839BF158F82B2000E1B3C /* InfoPlist.strings in Resources */,
				63E839CA158F82B2000E1B3C /* first.png in Resources */,
				63E839CC158F82B2000E1B3C /* first@2x.png in Resources */,
				63E839D1158F82B2000E1B3C /* second.png in Resources */,
				63E839D3158F82B2000E1B3C /* second@2x.png in Resources */,
				63E839D6158F82B2000E1B3C /* FirstViewController_iPhone.xib in Resources */,
				63E839D9158F82B2000E1B3C /* FirstViewController_iPad.xib in Resources */,
				63E839DC158F82B2000E1B3C /* SecondViewController_iPhone.xib in Resources */,
				63E839DF158F82B2000E1B3C /* SecondViewController_iPad.xib in Resources */,
			);
			runOnlyForDeploymentPostprocessing = 0;
		};
/* End PBXResourcesBuildPhase section */

/* Begin PBXSourcesBuildPhase section */
		63E839AC158F82B2000E1B3C /* Sources */ = {
			isa = PBXSourcesBuildPhase;
			buildActionMask = 2147483647;
			files = (
				63E839C1158F82B2000E1B3C /* main.m in Sources */,
				63E839C5158F82B2000E1B3C /* AppDelegate.m in Sources */,
				63E839C8158F82B2000E1B3C /* FirstViewController.m in Sources */,
				63E839CF158F82B2000E1B3C /* SecondViewController.m in Sources */,
			);
			runOnlyForDeploymentPostprocessing = 0;
		};
/* End PBXSourcesBuildPhase section */

/* Begin PBXVariantGroup section */
		63E839BD158F82B2000E1B3C /* InfoPlist.strings */ = {
			isa = PBXVariantGroup;
			children = (
				63E839BE158F82B2000E1B3C /* en */,
			);
			name = InfoPlist.strings;
			sourceTree = "<group>";
		};
		63E839D4158F82B2000E1B3C /* FirstViewController_iPhone.xib */ = {
			isa = PBXVariantGroup;
			children = (
				63E839D5158F82B2000E1B3C /* en */,
			);
			name = FirstViewController_iPhone.xib;
			sourceTree = "<group>";
		};
		63E839D7158F82B2000E1B3C /* FirstViewController_iPad.xib */ = {
			isa = PBXVariantGroup;
			children = (
				63E839D8158F82B2000E1B3C /* en */,
			);
			name = FirstViewController_iPad.xib;
			sourceTree = "<group>";
		};
		63E839DA158F82B2000E1B3C /* SecondViewController_iPhone.xib */ = {
			isa = PBXVariantGroup;
			children = (
				63E839DB158F82B2000E1B3C /* en */,
			);
			name = SecondViewController_iPhone.xib;
			sourceTree = "<group>";
		};
		63E839DD158F82B2000E1B3C /* SecondViewController_iPad.xib */ = {
			isa = PBXVariantGroup;
			children = (
				63E839DE158F82B2000E1B3C /* en */,
			);
			name = SecondViewController_iPad.xib;
			sourceTree = "<group>";
		};
/* End PBXVariantGroup section */

/* Begin XCBuildConfiguration section */
		63E839E0158F82B2000E1B3C /* Debug */ = {
			isa = XCBuildConfiguration;
			buildSettings = {
				ALWAYS_SEARCH_USER_PATHS = NO;
				ARCHS = "$(ARCHS_STANDARD_32_BIT)";
				"CODE_SIGN_IDENTITY[sdk=iphoneos*]" = "iPhone Developer";
				COPY_PHASE_STRIP = NO;
				GCC_C_LANGUAGE_STANDARD = gnu99;
				GCC_DYNAMIC_NO_PIC = NO;
				GCC_OPTIMIZATION_LEVEL = 0;
				GCC_PREPROCESSOR_DEFINITIONS = (
					"DEBUG=1",
					"$(inherited)",
				);
				GCC_SYMBOLS_PRIVATE_EXTERN = NO;
				GCC_VERSION = com.apple.compilers.llvm.clang.1_0;
				GCC_WARN_ABOUT_RETURN_TYPE = YES;
				GCC_WARN_UNINITIALIZED_AUTOS = YES;
				GCC_WARN_UNUSED_VARIABLE = YES;
				IPHONEOS_DEPLOYMENT_TARGET = 5.1;
				SDKROOT = iphoneos;
				TARGETED_DEVICE_FAMILY = "1,2";
			};
			name = Debug;
		};
		63E839E1158F82B2000E1B3C /* Release */ = {
			isa = XCBuildConfiguration;
			buildSettings = {
				ALWAYS_SEARCH_USER_PATHS = NO;
				ARCHS = "$(ARCHS_STANDARD_32_BIT)";
				"CODE_SIGN_IDENTITY[sdk=iphoneos*]" = "iPhone Developer";
				COPY_PHASE_STRIP = YES;
				GCC_C_LANGUAGE_STANDARD = gnu99;
				GCC_VERSION = com.apple.compilers.llvm.clang.1_0;
				GCC_WARN_ABOUT_RETURN_TYPE = YES;
				GCC_WARN_UNINITIALIZED_AUTOS = YES;
				GCC_WARN_UNUSED_VARIABLE = YES;
				IPHONEOS_DEPLOYMENT_TARGET = 5.1;
				OTHER_CFLAGS = "-DNS_BLOCK_ASSERTIONS=1";
				SDKROOT = iphoneos;
				TARGETED_DEVICE_FAMILY = "1,2";
				VALIDATE_PRODUCT = YES;
			};
			name = Release;
		};
		63E839E3158F82B2000E1B3C /* Debug */ = {
			isa = XCBuildConfiguration;
			buildSettings = {
				GCC_PRECOMPILE_PREFIX_HEADER = YES;
				GCC_PREFIX_HEADER = "MoonlightSocial/MoonlightSocial-Prefix.pch";
				INFOPLIST_FILE = "MoonlightSocial/MoonlightSocial-Info.plist";
				PRODUCT_NAME = "$(TARGET_NAME)";
				WRAPPER_EXTENSION = app;
			};
			name = Debug;
		};
		63E839E4158F82B2000E1B3C /* Release */ = {
			isa = XCBuildConfiguration;
			buildSettings = {
				GCC_PRECOMPILE_PREFIX_HEADER = YES;
				GCC_PREFIX_HEADER = "MoonlightSocial/MoonlightSocial-Prefix.pch";
				INFOPLIST_FILE = "MoonlightSocial/MoonlightSocial-Info.plist";
				PRODUCT_NAME = "$(TARGET_NAME)";
				WRAPPER_EXTENSION = app;
			};
			name = Release;
		};
/* End XCBuildConfiguration section */

/* Begin XCConfigurationList section */
		63E839AA158F82B2000E1B3C /* Build configuration list for PBXProject "MoonlightSocial" */ = {
			isa = XCConfigurationList;
			buildConfigurations = (
				63E839E0158F82B2000E1B3C /* Debug */,
				63E839E1158F82B2000E1B3C /* Release */,
			);
			defaultConfigurationIsVisible = 0;
			defaultConfigurationName = Release;
		};
		63E839E2158F82B2000E1B3C /* Build configuration list for PBXNativeTarget "MoonlightSocial" */ = {
			isa = XCConfigurationList;
			buildConfigurations = (
				63E839E3158F82B2000E1B3C /* Debug */,
				63E839E4158F82B2000E1B3C /* Release */,
			);
			defaultConfigurationIsVisible = 0;
		};
/* End XCConfigurationList section */
	};
	rootObject = 63E839A7158F82B2000E1B3C /* Project object */;
}
